
Microsoft Visual Studio Solution File, Format Version 12.00
# Visual Studio Version 17
VisualStudioVersion = 17.10.35013.160
MinimumVisualStudioVersion = 10.0.40219.1
Project("{9A19103F-16F7-4668-BE54-9A1E7A4F7556}") = "RestApiServices", "RestApiServices\RestApiServices.csproj", "{3147054A-81BA-4140-90D8-35278BE00F9E}"
EndProject
Project("{9A19103F-16F7-4668-BE54-9A1E7A4F7556}") = "RabbitSender", "RabbitSender\RabbitSender.csproj", "{FBB6C1CC-5679-4177-B791-6F223625C33F}"
EndProject
Global
	GlobalSection(SolutionConfigurationPlatforms) = preSolution
		Debug|Any CPU = Debug|Any CPU
		Release|Any CPU = Release|Any CPU
	EndGlobalSection
	GlobalSection(ProjectConfigurationPlatforms) = postSolution
		{3147054A-81BA-4140-90D8-35278BE00F9E}.Debug|Any CPU.ActiveCfg = Debug|Any CPU
		{3147054A-81BA-4140-90D8-35278BE00F9E}.Debug|Any CPU.Build.0 = Debug|Any CPU
		{3147054A-81BA-4140-90D8-35278BE00F9E}.Release|Any CPU.ActiveCfg = Release|Any CPU
		{3147054A-81BA-4140-90D8-35278BE00F9E}.Release|Any CPU.Build.0 = Release|Any CPU
		{FBB6C1CC-5679-4177-B791-6F223625C33F}.Debug|Any CPU.ActiveCfg = Debug|Any CPU
		{FBB6C1CC-5679-4177-B791-6F223625C33F}.Debug|Any CPU.Build.0 = Debug|Any CPU
		{FBB6C1CC-5679-4177-B791-6F223625C33F}.Release|Any CPU.ActiveCfg = Release|Any CPU
		{FBB6C1CC-5679-4177-B791-6F223625C33F}.Release|Any CPU.Build.0 = Release|Any CPU
	EndGlobalSection
	GlobalSection(SolutionProperties) = preSolution
		HideSolutionNode = FALSE
	EndGlobalSection
	GlobalSection(ExtensibilityGlobals) = postSolution
		SolutionGuid = {1B58EACE-2941-44D0-88AD-7C55DB2CC561}
	EndGlobalSection
EndGlobal
